
Microsoft Visual Studio Solution File, Format Version 12.00
# Visual Studio 15
VisualStudioVersion = 15.0.28307.168
MinimumVisualStudioVersion = 10.0.40219.1
Project("{FAE04EC0-301F-11D3-BF4B-00C04F79EFBC}") = "Test", "Test\Test.csproj", "{A18B629B-13F6-4743-A93E-BF0B49B79182}"
EndProject
Global
	GlobalSection(SolutionConfigurationPlatforms) = preSolution
		Debug|Any CPU = Debug|Any CPU
		Release|Any CPU = Release|Any CPU
	EndGlobalSection
	GlobalSection(ProjectConfigurationPlatforms) = postSolution
		{A18B629B-13F6-4743-A93E-BF0B49B79182}.Debug|Any CPU.ActiveCfg = Debug|Any CPU
		{A18B629B-13F6-4743-A93E-BF0B49B79182}.Debug|Any CPU.Build.0 = Debug|Any CPU
		{A18B629B-13F6-4743-A93E-BF0B49B79182}.Release|Any CPU.ActiveCfg = Release|Any CPU
		{A18B629B-13F6-4743-A93E-BF0B49B79182}.Release|Any CPU.Build.0 = Release|Any CPU
	EndGlobalSection
	GlobalSection(SolutionProperties) = preSolution
		HideSolutionNode = FALSE
	EndGlobalSection
	GlobalSection(ExtensibilityGlobals) = postSolution
		SolutionGuid = {DD08FD8B-6805-4839-807F-1BF834445DCD}
	EndGlobalSection
EndGlobal
